
Microsoft Visual Studio Solution File, Format Version 10.00
# Visual Studio 2008
Project("{8BC9CEB8-8B4A-11D0-8D11-00A0C91BC942}") = "blasplus_f2c_DLL", "src\lib\blas\blas_f\blasplus_DLL_f2c.vcproj", "{78BD64CE-181D-4D3F-9254-5C4F55C1EDC9}"
EndProject
Project("{8BC9CEB8-8B4A-11D0-8D11-00A0C91BC942}") = "lapack_f2c_DLL", "src\lib\lapack\lapack_f\lapack_DLL_f2c.vcproj", "{69296D00-0DE1-4F4B-B0CE-FE4F3CB43923}"
	ProjectSection(ProjectDependencies) = postProject
		{78BD64CE-181D-4D3F-9254-5C4F55C1EDC9} = {78BD64CE-181D-4D3F-9254-5C4F55C1EDC9}
	EndProjectSection
EndProject
Project("{8BC9CEB8-8B4A-11D0-8D11-00A0C91BC942}") = "type", "src\type\type.vcproj", "{9B1BD750-1FEF-4D6B-9422-782D16181CEE}"
EndProject
Project("{8BC9CEB8-8B4A-11D0-8D11-00A0C91BC942}") = "testDoubleComplex", "src\type\test_doubleComplex\test_doubleComplex.vcproj", "{DBB1B4E8-E9D0-44E5-8AA6-4ECF1AAA1D0F}"
	ProjectSection(ProjectDependencies) = postProject
		{9B1BD750-1FEF-4D6B-9422-782D16181CEE} = {9B1BD750-1FEF-4D6B-9422-782D16181CEE}
	EndProjectSection
EndProject
Project("{8BC9CEB8-8B4A-11D0-8D11-00A0C91BC942}") = "testFloatComplex", "src\type\test_floatComplex\test_floatComplex.vcproj", "{A6EBF2F9-C100-453F-A0D1-1649DCF557EC}"
	ProjectSection(ProjectDependencies) = postProject
		{9B1BD750-1FEF-4D6B-9422-782D16181CEE} = {9B1BD750-1FEF-4D6B-9422-782D16181CEE}
	EndProjectSection
EndProject
Project("{8BC9CEB8-8B4A-11D0-8D11-00A0C91BC942}") = "elementaryFunctions", "src\elementaryFunctions\elementaryFunctions.vcproj", "{72B46833-B150-432D-B231-3E0ECD91E190}"
	ProjectSection(ProjectDependencies) = postProject
		{69296D00-0DE1-4F4B-B0CE-FE4F3CB43923} = {69296D00-0DE1-4F4B-B0CE-FE4F3CB43923}
		{9B1BD750-1FEF-4D6B-9422-782D16181CEE} = {9B1BD750-1FEF-4D6B-9422-782D16181CEE}
		{9B622A66-546A-4B33-B947-0A189D259D37} = {9B622A66-546A-4B33-B947-0A189D259D37}
		{78BD64CE-181D-4D3F-9254-5C4F55C1EDC9} = {78BD64CE-181D-4D3F-9254-5C4F55C1EDC9}
	EndProjectSection
EndProject
Project("{8BC9CEB8-8B4A-11D0-8D11-00A0C91BC942}") = "test_cplxacos", "src\elementaryFunctions\acos\test_cplxacos\test_cplxacos.vcproj", "{20AFE4D5-CE52-4CCE-ADAB-87442079BC0B}"
	ProjectSection(ProjectDependencies) = postProject
		{72B46833-B150-432D-B231-3E0ECD91E190} = {72B46833-B150-432D-B231-3E0ECD91E190}
		{9B1BD750-1FEF-4D6B-9422-782D16181CEE} = {9B1BD750-1FEF-4D6B-9422-782D16181CEE}
	EndProjectSection
EndProject
Project("{8BC9CEB8-8B4A-11D0-8D11-00A0C91BC942}") = "test_realsacos", "src\elementaryFunctions\acos\testrealsacos\testrealsacos.vcproj", "{0556427D-6D88-4A12-9EB3-7F551D6F1FA4}"
	ProjectSection(ProjectDependencies) = postProject
		{72B46833-B150-432D-B231-3E0ECD91E190} = {72B46833-B150-432D-B231-3E0ECD91E190}
	EndProjectSection
EndProject
Project("{2150E333-8FDC-42A3-9474-1A3956D46DE8}") = "tests", "tests", "{4BB7C9F2-969F-4C5C-97F1-89350DCC09B6}"
EndProject
Project("{8BC9CEB8-8B4A-11D0-8D11-00A0C91BC942}") = "test_doubleacosh", "src\elementaryFunctions\acosh\test_doubleacosh\test_doubleacosh.vcproj", "{5805527C-6A77-40A9-8EF6-414B0269B50E}"
	ProjectSection(ProjectDependencies) = postProject
		{72B46833-B150-432D-B231-3E0ECD91E190} = {72B46833-B150-432D-B231-3E0ECD91E190}
		{9B1BD750-1FEF-4D6B-9422-782D16181CEE} = {9B1BD750-1FEF-4D6B-9422-782D16181CEE}
	EndProjectSection
EndProject
Project("{8BC9CEB8-8B4A-11D0-8D11-00A0C91BC942}") = "auxiliaryFunctions", "src\auxiliaryFunctions\auxiliaryFunctions.vcproj", "{AF4A8AF2-CC9F-4991-BE6E-8AAF9CB5BFC9}"
	ProjectSection(ProjectDependencies) = postProject
		{72B46833-B150-432D-B231-3E0ECD91E190} = {72B46833-B150-432D-B231-3E0ECD91E190}
		{9B1BD750-1FEF-4D6B-9422-782D16181CEE} = {9B1BD750-1FEF-4D6B-9422-782D16181CEE}
		{9B622A66-546A-4B33-B947-0A189D259D37} = {9B622A66-546A-4B33-B947-0A189D259D37}
	EndProjectSection
EndProject
Project("{8BC9CEB8-8B4A-11D0-8D11-00A0C91BC942}") = "matrixOperations", "src\matrixOperations\matrixOperations.vcproj", "{FD335544-52BF-4736-A34E-77F591D158D5}"
	ProjectSection(ProjectDependencies) = postProject
		{72B46833-B150-432D-B231-3E0ECD91E190} = {72B46833-B150-432D-B231-3E0ECD91E190}
		{9B1BD750-1FEF-4D6B-9422-782D16181CEE} = {9B1BD750-1FEF-4D6B-9422-782D16181CEE}
		{9B622A66-546A-4B33-B947-0A189D259D37} = {9B622A66-546A-4B33-B947-0A189D259D37}
		{78BD64CE-181D-4D3F-9254-5C4F55C1EDC9} = {78BD64CE-181D-4D3F-9254-5C4F55C1EDC9}
		{AF4A8AF2-CC9F-4991-BE6E-8AAF9CB5BFC9} = {AF4A8AF2-CC9F-4991-BE6E-8AAF9CB5BFC9}
	EndProjectSection
EndProject
Project("{8BC9CEB8-8B4A-11D0-8D11-00A0C91BC942}") = "operations", "src\operations\operations.vcproj", "{9B622A66-546A-4B33-B947-0A189D259D37}"
	ProjectSection(ProjectDependencies) = postProject
		{9B1BD750-1FEF-4D6B-9422-782D16181CEE} = {9B1BD750-1FEF-4D6B-9422-782D16181CEE}
	EndProjectSection
EndProject
Project("{8BC9CEB8-8B4A-11D0-8D11-00A0C91BC942}") = "implicitList", "src\implicitList\implicitList.vcproj", "{4C99D2F9-1AA2-460D-B9B8-7D44A5F9E7CD}"
	ProjectSection(ProjectDependencies) = postProject
		{9B1BD750-1FEF-4D6B-9422-782D16181CEE} = {9B1BD750-1FEF-4D6B-9422-782D16181CEE}
	EndProjectSection
EndProject
Project("{8BC9CEB8-8B4A-11D0-8D11-00A0C91BC942}") = "signalProcessing", "src\signalProcessing\signalProcessing.vcproj", "{F7E8DF1B-CC81-4B2A-B5F0-1A247BE59CC4}"
	ProjectSection(ProjectDependencies) = postProject
		{FD335544-52BF-4736-A34E-77F591D158D5} = {FD335544-52BF-4736-A34E-77F591D158D5}
		{9B1BD750-1FEF-4D6B-9422-782D16181CEE} = {9B1BD750-1FEF-4D6B-9422-782D16181CEE}
		{9B622A66-546A-4B33-B947-0A189D259D37} = {9B622A66-546A-4B33-B947-0A189D259D37}
		{78BD64CE-181D-4D3F-9254-5C4F55C1EDC9} = {78BD64CE-181D-4D3F-9254-5C4F55C1EDC9}
		{AF4A8AF2-CC9F-4991-BE6E-8AAF9CB5BFC9} = {AF4A8AF2-CC9F-4991-BE6E-8AAF9CB5BFC9}
	EndProjectSection
EndProject
Project("{8BC9CEB8-8B4A-11D0-8D11-00A0C91BC942}") = "statisticsFunctions", "src\statisticsFunctions\statisticsFunctions.vcproj", "{E11ED064-3BF2-4F70-B66E-3223C737EC60}"
	ProjectSection(ProjectDependencies) = postProject
		{72B46833-B150-432D-B231-3E0ECD91E190} = {72B46833-B150-432D-B231-3E0ECD91E190}
		{FD335544-52BF-4736-A34E-77F591D158D5} = {FD335544-52BF-4736-A34E-77F591D158D5}
		{9B1BD750-1FEF-4D6B-9422-782D16181CEE} = {9B1BD750-1FEF-4D6B-9422-782D16181CEE}
		{9B622A66-546A-4B33-B947-0A189D259D37} = {9B622A66-546A-4B33-B947-0A189D259D37}
	EndProjectSection
EndProject
Project("{8BC9CEB8-8B4A-11D0-8D11-00A0C91BC942}") = "string", "src\string\string.vcproj", "{38A141F2-DF77-4032-A17C-0901EA1A7AF1}"
	ProjectSection(ProjectDependencies) = postProject
		{9B1BD750-1FEF-4D6B-9422-782D16181CEE} = {9B1BD750-1FEF-4D6B-9422-782D16181CEE}
	EndProjectSection
EndProject
Project("{2150E333-8FDC-42A3-9474-1A3956D46DE8}") = "auxiliaryFunctions", "auxiliaryFunctions", "{46F3D788-C329-4384-A4E7-47D971FAAEE9}"
EndProject
Project("{2150E333-8FDC-42A3-9474-1A3956D46DE8}") = "elementaryFunctions", "elementaryFunctions", "{35BA54D4-CF76-478A-A85C-DD4B3941CA09}"
EndProject
Project("{2150E333-8FDC-42A3-9474-1A3956D46DE8}") = "matrixOperations", "matrixOperations", "{BA3E6D9D-EDDC-4AED-883C-AC00B902A83B}"
EndProject
Project("{2150E333-8FDC-42A3-9474-1A3956D46DE8}") = "implicitList", "implicitList", "{E54C14CE-33AF-4AA4-9864-2EAFC73DD813}"
EndProject
Project("{2150E333-8FDC-42A3-9474-1A3956D46DE8}") = "operations", "operations", "{370A736B-BA27-4B88-ABEB-B2A05E0E9B6C}"
EndProject
Project("{2150E333-8FDC-42A3-9474-1A3956D46DE8}") = "signalProcessing", "signalProcessing", "{0A43F290-F34B-4448-9A70-8EDAFC29893F}"
EndProject
Project("{2150E333-8FDC-42A3-9474-1A3956D46DE8}") = "statisticsFunctions", "statisticsFunctions", "{AF72E544-553A-4D1D-831B-8D7987BDF82C}"
EndProject
Project("{2150E333-8FDC-42A3-9474-1A3956D46DE8}") = "string", "string", "{E6F54BE7-6E5F-4D2D-89FE-4A57DDFB41FB}"
EndProject
Project("{2150E333-8FDC-42A3-9474-1A3956D46DE8}") = "type", "type", "{53D4C03D-7FBF-46C8-A07A-C44644420132}"
EndProject
Project("{8BC9CEB8-8B4A-11D0-8D11-00A0C91BC942}") = "testFloatAbs", "src\auxiliaryFunctions\abs\testFloatAbs\testFloatAbs.vcproj", "{4B5A02A3-C3EF-4A5C-B5A8-7264697D42B6}"
	ProjectSection(ProjectDependencies) = postProject
		{9B1BD750-1FEF-4D6B-9422-782D16181CEE} = {9B1BD750-1FEF-4D6B-9422-782D16181CEE}
		{AF4A8AF2-CC9F-4991-BE6E-8AAF9CB5BFC9} = {AF4A8AF2-CC9F-4991-BE6E-8AAF9CB5BFC9}
	EndProjectSection
EndProject
Project("{8BC9CEB8-8B4A-11D0-8D11-00A0C91BC942}") = "testDoubleAbs", "src\auxiliaryFunctions\abs\testDoubleAbs\testDoubleAbs.vcproj", "{5A8D4B59-AC5D-4BA0-A26F-17E740F35042}"
	ProjectSection(ProjectDependencies) = postProject
		{9B1BD750-1FEF-4D6B-9422-782D16181CEE} = {9B1BD750-1FEF-4D6B-9422-782D16181CEE}
		{AF4A8AF2-CC9F-4991-BE6E-8AAF9CB5BFC9} = {AF4A8AF2-CC9F-4991-BE6E-8AAF9CB5BFC9}
	EndProjectSection
EndProject
Project("{8BC9CEB8-8B4A-11D0-8D11-00A0C91BC942}") = "testConj", "src\auxiliaryFunctions\conj\testConj\testConj.vcproj", "{CD5DB834-234F-40A3-B551-DC895885E7B1}"
	ProjectSection(ProjectDependencies) = postProject
		{9B1BD750-1FEF-4D6B-9422-782D16181CEE} = {9B1BD750-1FEF-4D6B-9422-782D16181CEE}
		{AF4A8AF2-CC9F-4991-BE6E-8AAF9CB5BFC9} = {AF4A8AF2-CC9F-4991-BE6E-8AAF9CB5BFC9}
	EndProjectSection
EndProject
Project("{8BC9CEB8-8B4A-11D0-8D11-00A0C91BC942}") = "testFind", "src\auxiliaryFunctions\find\testFind\testFind.vcproj", "{D5110077-CA24-494B-87D0-451BD124CF70}"
	ProjectSection(ProjectDependencies) = postProject
		{9B1BD750-1FEF-4D6B-9422-782D16181CEE} = {9B1BD750-1FEF-4D6B-9422-782D16181CEE}
		{AF4A8AF2-CC9F-4991-BE6E-8AAF9CB5BFC9} = {AF4A8AF2-CC9F-4991-BE6E-8AAF9CB5BFC9}
	EndProjectSection
EndProject
Project("{8BC9CEB8-8B4A-11D0-8D11-00A0C91BC942}") = "testFind2d", "src\auxiliaryFunctions\find2d\testFind2d\testFind2d.vcproj", "{7361B40C-BCF5-442B-9116-7DB5AD7456B0}"
	ProjectSection(ProjectDependencies) = postProject
		{9B1BD750-1FEF-4D6B-9422-782D16181CEE} = {9B1BD750-1FEF-4D6B-9422-782D16181CEE}
		{AF4A8AF2-CC9F-4991-BE6E-8AAF9CB5BFC9} = {AF4A8AF2-CC9F-4991-BE6E-8AAF9CB5BFC9}
	EndProjectSection
EndProject
Project("{8BC9CEB8-8B4A-11D0-8D11-00A0C91BC942}") = "testFrexp", "src\auxiliaryFunctions\frexp\frexp\frexp.vcproj", "{FDBBFB07-9E66-481E-AA45-3F3BD87CCE77}"
	ProjectSection(ProjectDependencies) = postProject
		{72B46833-B150-432D-B231-3E0ECD91E190} = {72B46833-B150-432D-B231-3E0ECD91E190}
		{9B1BD750-1FEF-4D6B-9422-782D16181CEE} = {9B1BD750-1FEF-4D6B-9422-782D16181CEE}
		{9B622A66-546A-4B33-B947-0A189D259D37} = {9B622A66-546A-4B33-B947-0A189D259D37}
		{AF4A8AF2-CC9F-4991-BE6E-8AAF9CB5BFC9} = {AF4A8AF2-CC9F-4991-BE6E-8AAF9CB5BFC9}
	EndProjectSection
EndProject
Project("{8BC9CEB8-8B4A-11D0-8D11-00A0C91BC942}") = "testIsEmpty", "src\auxiliaryFunctions\isempty\testIsEmpty\testIsEmpty.vcproj", "{CF43766B-FEBE-4E52-A7CA-7D0A9F5DB982}"
	ProjectSection(ProjectDependencies) = postProject
		{9B1BD750-1FEF-4D6B-9422-782D16181CEE} = {9B1BD750-1FEF-4D6B-9422-782D16181CEE}
		{AF4A8AF2-CC9F-4991-BE6E-8AAF9CB5BFC9} = {AF4A8AF2-CC9F-4991-BE6E-8AAF9CB5BFC9}
	EndProjectSection
EndProject
Project("{8BC9CEB8-8B4A-11D0-8D11-00A0C91BC942}") = "testIsNan", "src\auxiliaryFunctions\isnan\testIsNan\testIsNan.vcproj", "{18763BD3-2916-4D97-9633-5DAC1A635EDD}"
	ProjectSection(ProjectDependencies) = postProject
		{72B46833-B150-432D-B231-3E0ECD91E190} = {72B46833-B150-432D-B231-3E0ECD91E190}
		{9B1BD750-1FEF-4D6B-9422-782D16181CEE} = {9B1BD750-1FEF-4D6B-9422-782D16181CEE}
		{AF4A8AF2-CC9F-4991-BE6E-8AAF9CB5BFC9} = {AF4A8AF2-CC9F-4991-BE6E-8AAF9CB5BFC9}
	EndProjectSection
EndProject
Project("{8BC9CEB8-8B4A-11D0-8D11-00A0C91BC942}") = "testLength", "src\auxiliaryFunctions\length\testLength\testLength.vcproj", "{A4626E50-DDD7-44E1-83FC-05BF396AF250}"
	ProjectSection(ProjectDependencies) = postProject
		{9B1BD750-1FEF-4D6B-9422-782D16181CEE} = {9B1BD750-1FEF-4D6B-9422-782D16181CEE}
	EndProjectSection
EndProject
Project("{8BC9CEB8-8B4A-11D0-8D11-00A0C91BC942}") = "testPythag", "src\auxiliaryFunctions\pythag\testPythag\testPythag.vcproj", "{10F6C306-FD81-45F3-936B-CDF8213A88E6}"
	ProjectSection(ProjectDependencies) = postProject
		{AF4A8AF2-CC9F-4991-BE6E-8AAF9CB5BFC9} = {AF4A8AF2-CC9F-4991-BE6E-8AAF9CB5BFC9}
	EndProjectSection
EndProject
Project("{8BC9CEB8-8B4A-11D0-8D11-00A0C91BC942}") = "testRand", "src\auxiliaryFunctions\rand\testRand\testRand.vcproj", "{31BBBDB6-9E46-4227-A8E3-9A1942DBD05E}"
	ProjectSection(ProjectDependencies) = postProject
		{AF4A8AF2-CC9F-4991-BE6E-8AAF9CB5BFC9} = {AF4A8AF2-CC9F-4991-BE6E-8AAF9CB5BFC9}
	EndProjectSection
EndProject
Project("{8BC9CEB8-8B4A-11D0-8D11-00A0C91BC942}") = "testSign", "src\auxiliaryFunctions\sign\testSign\testSign.vcproj", "{EEBFAC09-8BD7-4254-9316-57C1907D827E}"
	ProjectSection(ProjectDependencies) = postProject
		{72B46833-B150-432D-B231-3E0ECD91E190} = {72B46833-B150-432D-B231-3E0ECD91E190}
		{9B1BD750-1FEF-4D6B-9422-782D16181CEE} = {9B1BD750-1FEF-4D6B-9422-782D16181CEE}
		{AF4A8AF2-CC9F-4991-BE6E-8AAF9CB5BFC9} = {AF4A8AF2-CC9F-4991-BE6E-8AAF9CB5BFC9}
	EndProjectSection
EndProject
Project("{8BC9CEB8-8B4A-11D0-8D11-00A0C91BC942}") = "testSize", "src\auxiliaryFunctions\size\testSize\testSize.vcproj", "{5D4B1991-549D-48ED-A5F6-CB17F15B72C8}"
	ProjectSection(ProjectDependencies) = postProject
		{9B1BD750-1FEF-4D6B-9422-782D16181CEE} = {9B1BD750-1FEF-4D6B-9422-782D16181CEE}
	EndProjectSection
EndProject
Project("{8BC9CEB8-8B4A-11D0-8D11-00A0C91BC942}") = "testType", "src\auxiliaryFunctions\type\testType\testType.vcproj", "{8EB05C91-9405-4AF4-88B4-A6B227409BFB}"
	ProjectSection(ProjectDependencies) = postProject
		{9B1BD750-1FEF-4D6B-9422-782D16181CEE} = {9B1BD750-1FEF-4D6B-9422-782D16181CEE}
		{AF4A8AF2-CC9F-4991-BE6E-8AAF9CB5BFC9} = {AF4A8AF2-CC9F-4991-BE6E-8AAF9CB5BFC9}
	EndProjectSection
EndProject
Global
	GlobalSection(SolutionConfigurationPlatforms) = preSolution
		Debug|Win32 = Debug|Win32
		Debug|x64 = Debug|x64
		Release|Win32 = Release|Win32
		Release|x64 = Release|x64
	EndGlobalSection
	GlobalSection(ProjectConfigurationPlatforms) = postSolution
		{78BD64CE-181D-4D3F-9254-5C4F55C1EDC9}.Debug|Win32.ActiveCfg = Debug|Win32
		{78BD64CE-181D-4D3F-9254-5C4F55C1EDC9}.Debug|Win32.Build.0 = Debug|Win32
		{78BD64CE-181D-4D3F-9254-5C4F55C1EDC9}.Debug|x64.ActiveCfg = Debug|x64
		{78BD64CE-181D-4D3F-9254-5C4F55C1EDC9}.Debug|x64.Build.0 = Debug|x64
		{78BD64CE-181D-4D3F-9254-5C4F55C1EDC9}.Release|Win32.ActiveCfg = Release|Win32
		{78BD64CE-181D-4D3F-9254-5C4F55C1EDC9}.Release|Win32.Build.0 = Release|Win32
		{78BD64CE-181D-4D3F-9254-5C4F55C1EDC9}.Release|x64.ActiveCfg = Release|x64
		{78BD64CE-181D-4D3F-9254-5C4F55C1EDC9}.Release|x64.Build.0 = Release|x64
		{69296D00-0DE1-4F4B-B0CE-FE4F3CB43923}.Debug|Win32.ActiveCfg = Debug|Win32
		{69296D00-0DE1-4F4B-B0CE-FE4F3CB43923}.Debug|Win32.Build.0 = Debug|Win32
		{69296D00-0DE1-4F4B-B0CE-FE4F3CB43923}.Debug|x64.ActiveCfg = Debug|x64
		{69296D00-0DE1-4F4B-B0CE-FE4F3CB43923}.Debug|x64.Build.0 = Debug|x64
		{69296D00-0DE1-4F4B-B0CE-FE4F3CB43923}.Release|Win32.ActiveCfg = Release|Win32
		{69296D00-0DE1-4F4B-B0CE-FE4F3CB43923}.Release|Win32.Build.0 = Release|Win32
		{69296D00-0DE1-4F4B-B0CE-FE4F3CB43923}.Release|x64.ActiveCfg = Release|x64
		{69296D00-0DE1-4F4B-B0CE-FE4F3CB43923}.Release|x64.Build.0 = Release|x64
		{9B1BD750-1FEF-4D6B-9422-782D16181CEE}.Debug|Win32.ActiveCfg = Debug|Win32
		{9B1BD750-1FEF-4D6B-9422-782D16181CEE}.Debug|Win32.Build.0 = Debug|Win32
		{9B1BD750-1FEF-4D6B-9422-782D16181CEE}.Debug|x64.ActiveCfg = Debug|Win32
		{9B1BD750-1FEF-4D6B-9422-782D16181CEE}.Release|Win32.ActiveCfg = Release|Win32
		{9B1BD750-1FEF-4D6B-9422-782D16181CEE}.Release|Win32.Build.0 = Release|Win32
		{9B1BD750-1FEF-4D6B-9422-782D16181CEE}.Release|x64.ActiveCfg = Release|Win32
		{DBB1B4E8-E9D0-44E5-8AA6-4ECF1AAA1D0F}.Debug|Win32.ActiveCfg = Debug|Win32
		{DBB1B4E8-E9D0-44E5-8AA6-4ECF1AAA1D0F}.Debug|Win32.Build.0 = Debug|Win32
		{DBB1B4E8-E9D0-44E5-8AA6-4ECF1AAA1D0F}.Debug|x64.ActiveCfg = Debug|Win32
		{DBB1B4E8-E9D0-44E5-8AA6-4ECF1AAA1D0F}.Release|Win32.ActiveCfg = Release|Win32
		{DBB1B4E8-E9D0-44E5-8AA6-4ECF1AAA1D0F}.Release|Win32.Build.0 = Release|Win32
		{DBB1B4E8-E9D0-44E5-8AA6-4ECF1AAA1D0F}.Release|x64.ActiveCfg = Release|Win32
		{A6EBF2F9-C100-453F-A0D1-1649DCF557EC}.Debug|Win32.ActiveCfg = Debug|Win32
		{A6EBF2F9-C100-453F-A0D1-1649DCF557EC}.Debug|Win32.Build.0 = Debug|Win32
		{A6EBF2F9-C100-453F-A0D1-1649DCF557EC}.Debug|x64.ActiveCfg = Debug|Win32
		{A6EBF2F9-C100-453F-A0D1-1649DCF557EC}.Release|Win32.ActiveCfg = Release|Win32
		{A6EBF2F9-C100-453F-A0D1-1649DCF557EC}.Release|Win32.Build.0 = Release|Win32
		{A6EBF2F9-C100-453F-A0D1-1649DCF557EC}.Release|x64.ActiveCfg = Release|Win32
		{72B46833-B150-432D-B231-3E0ECD91E190}.Debug|Win32.ActiveCfg = Debug|Win32
		{72B46833-B150-432D-B231-3E0ECD91E190}.Debug|Win32.Build.0 = Debug|Win32
		{72B46833-B150-432D-B231-3E0ECD91E190}.Debug|x64.ActiveCfg = Debug|Win32
		{72B46833-B150-432D-B231-3E0ECD91E190}.Release|Win32.ActiveCfg = Release|Win32
		{72B46833-B150-432D-B231-3E0ECD91E190}.Release|Win32.Build.0 = Release|Win32
		{72B46833-B150-432D-B231-3E0ECD91E190}.Release|x64.ActiveCfg = Release|Win32
		{20AFE4D5-CE52-4CCE-ADAB-87442079BC0B}.Debug|Win32.ActiveCfg = Debug|Win32
		{20AFE4D5-CE52-4CCE-ADAB-87442079BC0B}.Debug|Win32.Build.0 = Debug|Win32
		{20AFE4D5-CE52-4CCE-ADAB-87442079BC0B}.Debug|x64.ActiveCfg = Debug|Win32
		{20AFE4D5-CE52-4CCE-ADAB-87442079BC0B}.Release|Win32.ActiveCfg = Release|Win32
		{20AFE4D5-CE52-4CCE-ADAB-87442079BC0B}.Release|Win32.Build.0 = Release|Win32
		{20AFE4D5-CE52-4CCE-ADAB-87442079BC0B}.Release|x64.ActiveCfg = Release|Win32
		{0556427D-6D88-4A12-9EB3-7F551D6F1FA4}.Debug|Win32.ActiveCfg = Debug|Win32
		{0556427D-6D88-4A12-9EB3-7F551D6F1FA4}.Debug|Win32.Build.0 = Debug|Win32
		{0556427D-6D88-4A12-9EB3-7F551D6F1FA4}.Debug|x64.ActiveCfg = Debug|Win32
		{0556427D-6D88-4A12-9EB3-7F551D6F1FA4}.Release|Win32.ActiveCfg = Release|Win32
		{0556427D-6D88-4A12-9EB3-7F551D6F1FA4}.Release|Win32.Build.0 = Release|Win32
		{0556427D-6D88-4A12-9EB3-7F551D6F1FA4}.Release|x64.ActiveCfg = Release|Win32
		{5805527C-6A77-40A9-8EF6-414B0269B50E}.Debug|Win32.ActiveCfg = Debug|Win32
		{5805527C-6A77-40A9-8EF6-414B0269B50E}.Debug|Win32.Build.0 = Debug|Win32
		{5805527C-6A77-40A9-8EF6-414B0269B50E}.Debug|x64.ActiveCfg = Debug|Win32
		{5805527C-6A77-40A9-8EF6-414B0269B50E}.Release|Win32.ActiveCfg = Release|Win32
		{5805527C-6A77-40A9-8EF6-414B0269B50E}.Release|Win32.Build.0 = Release|Win32
		{5805527C-6A77-40A9-8EF6-414B0269B50E}.Release|x64.ActiveCfg = Release|Win32
		{AF4A8AF2-CC9F-4991-BE6E-8AAF9CB5BFC9}.Debug|Win32.ActiveCfg = Debug|Win32
		{AF4A8AF2-CC9F-4991-BE6E-8AAF9CB5BFC9}.Debug|Win32.Build.0 = Debug|Win32
		{AF4A8AF2-CC9F-4991-BE6E-8AAF9CB5BFC9}.Debug|x64.ActiveCfg = Debug|Win32
		{AF4A8AF2-CC9F-4991-BE6E-8AAF9CB5BFC9}.Release|Win32.ActiveCfg = Release|Win32
		{AF4A8AF2-CC9F-4991-BE6E-8AAF9CB5BFC9}.Release|Win32.Build.0 = Release|Win32
		{AF4A8AF2-CC9F-4991-BE6E-8AAF9CB5BFC9}.Release|x64.ActiveCfg = Release|Win32
		{FD335544-52BF-4736-A34E-77F591D158D5}.Debug|Win32.ActiveCfg = Debug|Win32
		{FD335544-52BF-4736-A34E-77F591D158D5}.Debug|Win32.Build.0 = Debug|Win32
		{FD335544-52BF-4736-A34E-77F591D158D5}.Debug|x64.ActiveCfg = Debug|Win32
		{FD335544-52BF-4736-A34E-77F591D158D5}.Release|Win32.ActiveCfg = Release|Win32
		{FD335544-52BF-4736-A34E-77F591D158D5}.Release|Win32.Build.0 = Release|Win32
		{FD335544-52BF-4736-A34E-77F591D158D5}.Release|x64.ActiveCfg = Release|Win32
		{9B622A66-546A-4B33-B947-0A189D259D37}.Debug|Win32.ActiveCfg = Debug|Win32
		{9B622A66-546A-4B33-B947-0A189D259D37}.Debug|Win32.Build.0 = Debug|Win32
		{9B622A66-546A-4B33-B947-0A189D259D37}.Debug|x64.ActiveCfg = Debug|Win32
		{9B622A66-546A-4B33-B947-0A189D259D37}.Release|Win32.ActiveCfg = Release|Win32
		{9B622A66-546A-4B33-B947-0A189D259D37}.Release|Win32.Build.0 = Release|Win32
		{9B622A66-546A-4B33-B947-0A189D259D37}.Release|x64.ActiveCfg = Release|Win32
		{4C99D2F9-1AA2-460D-B9B8-7D44A5F9E7CD}.Debug|Win32.ActiveCfg = Debug|Win32
		{4C99D2F9-1AA2-460D-B9B8-7D44A5F9E7CD}.Debug|Win32.Build.0 = Debug|Win32
		{4C99D2F9-1AA2-460D-B9B8-7D44A5F9E7CD}.Debug|x64.ActiveCfg = Debug|Win32
		{4C99D2F9-1AA2-460D-B9B8-7D44A5F9E7CD}.Release|Win32.ActiveCfg = Release|Win32
		{4C99D2F9-1AA2-460D-B9B8-7D44A5F9E7CD}.Release|Win32.Build.0 = Release|Win32
		{4C99D2F9-1AA2-460D-B9B8-7D44A5F9E7CD}.Release|x64.ActiveCfg = Release|Win32
		{F7E8DF1B-CC81-4B2A-B5F0-1A247BE59CC4}.Debug|Win32.ActiveCfg = Debug|Win32
		{F7E8DF1B-CC81-4B2A-B5F0-1A247BE59CC4}.Debug|Win32.Build.0 = Debug|Win32
		{F7E8DF1B-CC81-4B2A-B5F0-1A247BE59CC4}.Debug|x64.ActiveCfg = Debug|Win32
		{F7E8DF1B-CC81-4B2A-B5F0-1A247BE59CC4}.Release|Win32.ActiveCfg = Release|Win32
		{F7E8DF1B-CC81-4B2A-B5F0-1A247BE59CC4}.Release|Win32.Build.0 = Release|Win32
		{F7E8DF1B-CC81-4B2A-B5F0-1A247BE59CC4}.Release|x64.ActiveCfg = Release|Win32
		{E11ED064-3BF2-4F70-B66E-3223C737EC60}.Debug|Win32.ActiveCfg = Debug|Win32
		{E11ED064-3BF2-4F70-B66E-3223C737EC60}.Debug|Win32.Build.0 = Debug|Win32
		{E11ED064-3BF2-4F70-B66E-3223C737EC60}.Debug|x64.ActiveCfg = Debug|Win32
		{E11ED064-3BF2-4F70-B66E-3223C737EC60}.Release|Win32.ActiveCfg = Release|Win32
		{E11ED064-3BF2-4F70-B66E-3223C737EC60}.Release|Win32.Build.0 = Release|Win32
		{E11ED064-3BF2-4F70-B66E-3223C737EC60}.Release|x64.ActiveCfg = Release|Win32
		{38A141F2-DF77-4032-A17C-0901EA1A7AF1}.Debug|Win32.ActiveCfg = Debug|Win32
		{38A141F2-DF77-4032-A17C-0901EA1A7AF1}.Debug|Win32.Build.0 = Debug|Win32
		{38A141F2-DF77-4032-A17C-0901EA1A7AF1}.Debug|x64.ActiveCfg = Debug|Win32
		{38A141F2-DF77-4032-A17C-0901EA1A7AF1}.Release|Win32.ActiveCfg = Release|Win32
		{38A141F2-DF77-4032-A17C-0901EA1A7AF1}.Release|Win32.Build.0 = Release|Win32
		{38A141F2-DF77-4032-A17C-0901EA1A7AF1}.Release|x64.ActiveCfg = Release|Win32
		{4B5A02A3-C3EF-4A5C-B5A8-7264697D42B6}.Debug|Win32.ActiveCfg = Debug|Win32
		{4B5A02A3-C3EF-4A5C-B5A8-7264697D42B6}.Debug|Win32.Build.0 = Debug|Win32
		{4B5A02A3-C3EF-4A5C-B5A8-7264697D42B6}.Debug|x64.ActiveCfg = Debug|Win32
		{4B5A02A3-C3EF-4A5C-B5A8-7264697D42B6}.Release|Win32.ActiveCfg = Release|Win32
		{4B5A02A3-C3EF-4A5C-B5A8-7264697D42B6}.Release|Win32.Build.0 = Release|Win32
		{4B5A02A3-C3EF-4A5C-B5A8-7264697D42B6}.Release|x64.ActiveCfg = Release|Win32
		{5A8D4B59-AC5D-4BA0-A26F-17E740F35042}.Debug|Win32.ActiveCfg = Debug|Win32
		{5A8D4B59-AC5D-4BA0-A26F-17E740F35042}.Debug|Win32.Build.0 = Debug|Win32
		{5A8D4B59-AC5D-4BA0-A26F-17E740F35042}.Debug|x64.ActiveCfg = Debug|Win32
		{5A8D4B59-AC5D-4BA0-A26F-17E740F35042}.Release|Win32.ActiveCfg = Release|Win32
		{5A8D4B59-AC5D-4BA0-A26F-17E740F35042}.Release|Win32.Build.0 = Release|Win32
		{5A8D4B59-AC5D-4BA0-A26F-17E740F35042}.Release|x64.ActiveCfg = Release|Win32
		{CD5DB834-234F-40A3-B551-DC895885E7B1}.Debug|Win32.ActiveCfg = Debug|Win32
		{CD5DB834-234F-40A3-B551-DC895885E7B1}.Debug|Win32.Build.0 = Debug|Win32
		{CD5DB834-234F-40A3-B551-DC895885E7B1}.Debug|x64.ActiveCfg = Debug|Win32
		{CD5DB834-234F-40A3-B551-DC895885E7B1}.Release|Win32.ActiveCfg = Release|Win32
		{CD5DB834-234F-40A3-B551-DC895885E7B1}.Release|Win32.Build.0 = Release|Win32
		{CD5DB834-234F-40A3-B551-DC895885E7B1}.Release|x64.ActiveCfg = Release|Win32
		{D5110077-CA24-494B-87D0-451BD124CF70}.Debug|Win32.ActiveCfg = Debug|Win32
		{D5110077-CA24-494B-87D0-451BD124CF70}.Debug|Win32.Build.0 = Debug|Win32
		{D5110077-CA24-494B-87D0-451BD124CF70}.Debug|x64.ActiveCfg = Debug|Win32
		{D5110077-CA24-494B-87D0-451BD124CF70}.Release|Win32.ActiveCfg = Release|Win32
		{D5110077-CA24-494B-87D0-451BD124CF70}.Release|Win32.Build.0 = Release|Win32
		{D5110077-CA24-494B-87D0-451BD124CF70}.Release|x64.ActiveCfg = Release|Win32
		{7361B40C-BCF5-442B-9116-7DB5AD7456B0}.Debug|Win32.ActiveCfg = Debug|Win32
		{7361B40C-BCF5-442B-9116-7DB5AD7456B0}.Debug|Win32.Build.0 = Debug|Win32
		{7361B40C-BCF5-442B-9116-7DB5AD7456B0}.Debug|x64.ActiveCfg = Debug|Win32
		{7361B40C-BCF5-442B-9116-7DB5AD7456B0}.Release|Win32.ActiveCfg = Release|Win32
		{7361B40C-BCF5-442B-9116-7DB5AD7456B0}.Release|Win32.Build.0 = Release|Win32
		{7361B40C-BCF5-442B-9116-7DB5AD7456B0}.Release|x64.ActiveCfg = Release|Win32
		{FDBBFB07-9E66-481E-AA45-3F3BD87CCE77}.Debug|Win32.ActiveCfg = Debug|Win32
		{FDBBFB07-9E66-481E-AA45-3F3BD87CCE77}.Debug|Win32.Build.0 = Debug|Win32
		{FDBBFB07-9E66-481E-AA45-3F3BD87CCE77}.Debug|x64.ActiveCfg = Debug|Win32
		{FDBBFB07-9E66-481E-AA45-3F3BD87CCE77}.Release|Win32.ActiveCfg = Release|Win32
		{FDBBFB07-9E66-481E-AA45-3F3BD87CCE77}.Release|Win32.Build.0 = Release|Win32
		{FDBBFB07-9E66-481E-AA45-3F3BD87CCE77}.Release|x64.ActiveCfg = Release|Win32
		{CF43766B-FEBE-4E52-A7CA-7D0A9F5DB982}.Debug|Win32.ActiveCfg = Debug|Win32
		{CF43766B-FEBE-4E52-A7CA-7D0A9F5DB982}.Debug|Win32.Build.0 = Debug|Win32
		{CF43766B-FEBE-4E52-A7CA-7D0A9F5DB982}.Debug|x64.ActiveCfg = Debug|Win32
		{CF43766B-FEBE-4E52-A7CA-7D0A9F5DB982}.Release|Win32.ActiveCfg = Release|Win32
		{CF43766B-FEBE-4E52-A7CA-7D0A9F5DB982}.Release|Win32.Build.0 = Release|Win32
		{CF43766B-FEBE-4E52-A7CA-7D0A9F5DB982}.Release|x64.ActiveCfg = Release|Win32
		{18763BD3-2916-4D97-9633-5DAC1A635EDD}.Debug|Win32.ActiveCfg = Debug|Win32
		{18763BD3-2916-4D97-9633-5DAC1A635EDD}.Debug|Win32.Build.0 = Debug|Win32
		{18763BD3-2916-4D97-9633-5DAC1A635EDD}.Debug|x64.ActiveCfg = Debug|Win32
		{18763BD3-2916-4D97-9633-5DAC1A635EDD}.Release|Win32.ActiveCfg = Release|Win32
		{18763BD3-2916-4D97-9633-5DAC1A635EDD}.Release|Win32.Build.0 = Release|Win32
		{18763BD3-2916-4D97-9633-5DAC1A635EDD}.Release|x64.ActiveCfg = Release|Win32
		{A4626E50-DDD7-44E1-83FC-05BF396AF250}.Debug|Win32.ActiveCfg = Debug|Win32
		{A4626E50-DDD7-44E1-83FC-05BF396AF250}.Debug|Win32.Build.0 = Debug|Win32
		{A4626E50-DDD7-44E1-83FC-05BF396AF250}.Debug|x64.ActiveCfg = Debug|Win32
		{A4626E50-DDD7-44E1-83FC-05BF396AF250}.Release|Win32.ActiveCfg = Release|Win32
		{A4626E50-DDD7-44E1-83FC-05BF396AF250}.Release|Win32.Build.0 = Release|Win32
		{A4626E50-DDD7-44E1-83FC-05BF396AF250}.Release|x64.ActiveCfg = Release|Win32
		{10F6C306-FD81-45F3-936B-CDF8213A88E6}.Debug|Win32.ActiveCfg = Debug|Win32
		{10F6C306-FD81-45F3-936B-CDF8213A88E6}.Debug|Win32.Build.0 = Debug|Win32
		{10F6C306-FD81-45F3-936B-CDF8213A88E6}.Debug|x64.ActiveCfg = Debug|Win32
		{10F6C306-FD81-45F3-936B-CDF8213A88E6}.Release|Win32.ActiveCfg = Release|Win32
		{10F6C306-FD81-45F3-936B-CDF8213A88E6}.Release|Win32.Build.0 = Release|Win32
		{10F6C306-FD81-45F3-936B-CDF8213A88E6}.Release|x64.ActiveCfg = Release|Win32
		{31BBBDB6-9E46-4227-A8E3-9A1942DBD05E}.Debug|Win32.ActiveCfg = Debug|Win32
		{31BBBDB6-9E46-4227-A8E3-9A1942DBD05E}.Debug|Win32.Build.0 = Debug|Win32
		{31BBBDB6-9E46-4227-A8E3-9A1942DBD05E}.Debug|x64.ActiveCfg = Debug|Win32
		{31BBBDB6-9E46-4227-A8E3-9A1942DBD05E}.Release|Win32.ActiveCfg = Release|Win32
		{31BBBDB6-9E46-4227-A8E3-9A1942DBD05E}.Release|Win32.Build.0 = Release|Win32
		{31BBBDB6-9E46-4227-A8E3-9A1942DBD05E}.Release|x64.ActiveCfg = Release|Win32
		{EEBFAC09-8BD7-4254-9316-57C1907D827E}.Debug|Win32.ActiveCfg = Debug|Win32
		{EEBFAC09-8BD7-4254-9316-57C1907D827E}.Debug|Win32.Build.0 = Debug|Win32
		{EEBFAC09-8BD7-4254-9316-57C1907D827E}.Debug|x64.ActiveCfg = Debug|Win32
		{EEBFAC09-8BD7-4254-9316-57C1907D827E}.Release|Win32.ActiveCfg = Release|Win32
		{EEBFAC09-8BD7-4254-9316-57C1907D827E}.Release|Win32.Build.0 = Release|Win32
		{EEBFAC09-8BD7-4254-9316-57C1907D827E}.Release|x64.ActiveCfg = Release|Win32
		{5D4B1991-549D-48ED-A5F6-CB17F15B72C8}.Debug|Win32.ActiveCfg = Debug|Win32
		{5D4B1991-549D-48ED-A5F6-CB17F15B72C8}.Debug|Win32.Build.0 = Debug|Win32
		{5D4B1991-549D-48ED-A5F6-CB17F15B72C8}.Debug|x64.ActiveCfg = Debug|Win32
		{5D4B1991-549D-48ED-A5F6-CB17F15B72C8}.Release|Win32.ActiveCfg = Release|Win32
		{5D4B1991-549D-48ED-A5F6-CB17F15B72C8}.Release|Win32.Build.0 = Release|Win32
		{5D4B1991-549D-48ED-A5F6-CB17F15B72C8}.Release|x64.ActiveCfg = Release|Win32
		{8EB05C91-9405-4AF4-88B4-A6B227409BFB}.Debug|Win32.ActiveCfg = Debug|Win32
		{8EB05C91-9405-4AF4-88B4-A6B227409BFB}.Debug|Win32.Build.0 = Debug|Win32
		{8EB05C91-9405-4AF4-88B4-A6B227409BFB}.Debug|x64.ActiveCfg = Debug|Win32
		{8EB05C91-9405-4AF4-88B4-A6B227409BFB}.Release|Win32.ActiveCfg = Release|Win32
		{8EB05C91-9405-4AF4-88B4-A6B227409BFB}.Release|Win32.Build.0 = Release|Win32
		{8EB05C91-9405-4AF4-88B4-A6B227409BFB}.Release|x64.ActiveCfg = Release|Win32
	EndGlobalSection
	GlobalSection(SolutionProperties) = preSolution
		HideSolutionNode = FALSE
	EndGlobalSection
	GlobalSection(NestedProjects) = preSolution
		{20AFE4D5-CE52-4CCE-ADAB-87442079BC0B} = {4BB7C9F2-969F-4C5C-97F1-89350DCC09B6}
		{0556427D-6D88-4A12-9EB3-7F551D6F1FA4} = {4BB7C9F2-969F-4C5C-97F1-89350DCC09B6}
		{5805527C-6A77-40A9-8EF6-414B0269B50E} = {4BB7C9F2-969F-4C5C-97F1-89350DCC09B6}
		{46F3D788-C329-4384-A4E7-47D971FAAEE9} = {4BB7C9F2-969F-4C5C-97F1-89350DCC09B6}
		{35BA54D4-CF76-478A-A85C-DD4B3941CA09} = {4BB7C9F2-969F-4C5C-97F1-89350DCC09B6}
		{BA3E6D9D-EDDC-4AED-883C-AC00B902A83B} = {4BB7C9F2-969F-4C5C-97F1-89350DCC09B6}
		{E54C14CE-33AF-4AA4-9864-2EAFC73DD813} = {4BB7C9F2-969F-4C5C-97F1-89350DCC09B6}
		{370A736B-BA27-4B88-ABEB-B2A05E0E9B6C} = {4BB7C9F2-969F-4C5C-97F1-89350DCC09B6}
		{0A43F290-F34B-4448-9A70-8EDAFC29893F} = {4BB7C9F2-969F-4C5C-97F1-89350DCC09B6}
		{AF72E544-553A-4D1D-831B-8D7987BDF82C} = {4BB7C9F2-969F-4C5C-97F1-89350DCC09B6}
		{E6F54BE7-6E5F-4D2D-89FE-4A57DDFB41FB} = {4BB7C9F2-969F-4C5C-97F1-89350DCC09B6}
		{53D4C03D-7FBF-46C8-A07A-C44644420132} = {4BB7C9F2-969F-4C5C-97F1-89350DCC09B6}
		{4B5A02A3-C3EF-4A5C-B5A8-7264697D42B6} = {46F3D788-C329-4384-A4E7-47D971FAAEE9}
		{5A8D4B59-AC5D-4BA0-A26F-17E740F35042} = {46F3D788-C329-4384-A4E7-47D971FAAEE9}
		{CD5DB834-234F-40A3-B551-DC895885E7B1} = {46F3D788-C329-4384-A4E7-47D971FAAEE9}
		{D5110077-CA24-494B-87D0-451BD124CF70} = {46F3D788-C329-4384-A4E7-47D971FAAEE9}
		{7361B40C-BCF5-442B-9116-7DB5AD7456B0} = {46F3D788-C329-4384-A4E7-47D971FAAEE9}
		{FDBBFB07-9E66-481E-AA45-3F3BD87CCE77} = {46F3D788-C329-4384-A4E7-47D971FAAEE9}
		{CF43766B-FEBE-4E52-A7CA-7D0A9F5DB982} = {46F3D788-C329-4384-A4E7-47D971FAAEE9}
		{18763BD3-2916-4D97-9633-5DAC1A635EDD} = {46F3D788-C329-4384-A4E7-47D971FAAEE9}
		{A4626E50-DDD7-44E1-83FC-05BF396AF250} = {46F3D788-C329-4384-A4E7-47D971FAAEE9}
		{10F6C306-FD81-45F3-936B-CDF8213A88E6} = {46F3D788-C329-4384-A4E7-47D971FAAEE9}
		{31BBBDB6-9E46-4227-A8E3-9A1942DBD05E} = {46F3D788-C329-4384-A4E7-47D971FAAEE9}
		{EEBFAC09-8BD7-4254-9316-57C1907D827E} = {46F3D788-C329-4384-A4E7-47D971FAAEE9}
		{5D4B1991-549D-48ED-A5F6-CB17F15B72C8} = {46F3D788-C329-4384-A4E7-47D971FAAEE9}
		{8EB05C91-9405-4AF4-88B4-A6B227409BFB} = {46F3D788-C329-4384-A4E7-47D971FAAEE9}
		{DBB1B4E8-E9D0-44E5-8AA6-4ECF1AAA1D0F} = {53D4C03D-7FBF-46C8-A07A-C44644420132}
		{A6EBF2F9-C100-453F-A0D1-1649DCF557EC} = {53D4C03D-7FBF-46C8-A07A-C44644420132}
	EndGlobalSection
EndGlobal
