
Microsoft Visual Studio Solution File, Format Version 10.00
# Visual Studio 2008
Project("{8BC9CEB8-8B4A-11D0-8D11-00A0C91BC942}") = "blasplus_f2c_DLL", "src\lib\blas\blas_f\blasplus_DLL_f2c.vcproj", "{78BD64CE-181D-4D3F-9254-5C4F55C1EDC9}"
EndProject
Project("{8BC9CEB8-8B4A-11D0-8D11-00A0C91BC942}") = "lapack_f2c_DLL", "src\lib\lapack\lapack_f\lapack_DLL_f2c.vcproj", "{69296D00-0DE1-4F4B-B0CE-FE4F3CB43923}"
	ProjectSection(ProjectDependencies) = postProject
		{78BD64CE-181D-4D3F-9254-5C4F55C1EDC9} = {78BD64CE-181D-4D3F-9254-5C4F55C1EDC9}
	EndProjectSection
EndProject
Project("{8BC9CEB8-8B4A-11D0-8D11-00A0C91BC942}") = "type", "src\type\type.vcproj", "{9B1BD750-1FEF-4D6B-9422-782D16181CEE}"
EndProject
Project("{8BC9CEB8-8B4A-11D0-8D11-00A0C91BC942}") = "test_doubleComplex", "src\type\test_doubleComplex\test_doubleComplex.vcproj", "{DBB1B4E8-E9D0-44E5-8AA6-4ECF1AAA1D0F}"
	ProjectSection(ProjectDependencies) = postProject
		{9B1BD750-1FEF-4D6B-9422-782D16181CEE} = {9B1BD750-1FEF-4D6B-9422-782D16181CEE}
	EndProjectSection
EndProject
Project("{8BC9CEB8-8B4A-11D0-8D11-00A0C91BC942}") = "test_floatComplex", "src\type\test_floatComplex\test_floatComplex.vcproj", "{A6EBF2F9-C100-453F-A0D1-1649DCF557EC}"
	ProjectSection(ProjectDependencies) = postProject
		{9B1BD750-1FEF-4D6B-9422-782D16181CEE} = {9B1BD750-1FEF-4D6B-9422-782D16181CEE}
	EndProjectSection
EndProject
Project("{8BC9CEB8-8B4A-11D0-8D11-00A0C91BC942}") = "elementaryFunctions", "src\elementaryFunctions\elementaryFunctions.vcproj", "{72B46833-B150-432D-B231-3E0ECD91E190}"
	ProjectSection(ProjectDependencies) = postProject
		{69296D00-0DE1-4F4B-B0CE-FE4F3CB43923} = {69296D00-0DE1-4F4B-B0CE-FE4F3CB43923}
		{9B1BD750-1FEF-4D6B-9422-782D16181CEE} = {9B1BD750-1FEF-4D6B-9422-782D16181CEE}
		{9B622A66-546A-4B33-B947-0A189D259D37} = {9B622A66-546A-4B33-B947-0A189D259D37}
		{78BD64CE-181D-4D3F-9254-5C4F55C1EDC9} = {78BD64CE-181D-4D3F-9254-5C4F55C1EDC9}
	EndProjectSection
EndProject
Project("{8BC9CEB8-8B4A-11D0-8D11-00A0C91BC942}") = "test_cplxacos", "src\elementaryFunctions\acos\test_cplxacos\test_cplxacos.vcproj", "{20AFE4D5-CE52-4CCE-ADAB-87442079BC0B}"
	ProjectSection(ProjectDependencies) = postProject
		{72B46833-B150-432D-B231-3E0ECD91E190} = {72B46833-B150-432D-B231-3E0ECD91E190}
		{9B1BD750-1FEF-4D6B-9422-782D16181CEE} = {9B1BD750-1FEF-4D6B-9422-782D16181CEE}
	EndProjectSection
EndProject
Project("{8BC9CEB8-8B4A-11D0-8D11-00A0C91BC942}") = "test_realsacos", "src\elementaryFunctions\acos\testrealsacos\testrealsacos.vcproj", "{0556427D-6D88-4A12-9EB3-7F551D6F1FA4}"
	ProjectSection(ProjectDependencies) = postProject
		{72B46833-B150-432D-B231-3E0ECD91E190} = {72B46833-B150-432D-B231-3E0ECD91E190}
	EndProjectSection
EndProject
Project("{2150E333-8FDC-42A3-9474-1A3956D46DE8}") = "tests", "tests", "{4BB7C9F2-969F-4C5C-97F1-89350DCC09B6}"
EndProject
Project("{8BC9CEB8-8B4A-11D0-8D11-00A0C91BC942}") = "test_doubleacosh", "src\elementaryFunctions\acosh\test_doubleacosh\test_doubleacosh.vcproj", "{5805527C-6A77-40A9-8EF6-414B0269B50E}"
	ProjectSection(ProjectDependencies) = postProject
		{72B46833-B150-432D-B231-3E0ECD91E190} = {72B46833-B150-432D-B231-3E0ECD91E190}
		{9B1BD750-1FEF-4D6B-9422-782D16181CEE} = {9B1BD750-1FEF-4D6B-9422-782D16181CEE}
	EndProjectSection
EndProject
Project("{8BC9CEB8-8B4A-11D0-8D11-00A0C91BC942}") = "auxiliaryFunctions", "src\auxiliaryFunctions\auxiliaryFunctions.vcproj", "{AF4A8AF2-CC9F-4991-BE6E-8AAF9CB5BFC9}"
	ProjectSection(ProjectDependencies) = postProject
		{72B46833-B150-432D-B231-3E0ECD91E190} = {72B46833-B150-432D-B231-3E0ECD91E190}
		{9B1BD750-1FEF-4D6B-9422-782D16181CEE} = {9B1BD750-1FEF-4D6B-9422-782D16181CEE}
		{9B622A66-546A-4B33-B947-0A189D259D37} = {9B622A66-546A-4B33-B947-0A189D259D37}
	EndProjectSection
EndProject
Project("{8BC9CEB8-8B4A-11D0-8D11-00A0C91BC942}") = "matrixOperations", "src\matrixOperations\matrixOperations.vcproj", "{FD335544-52BF-4736-A34E-77F591D158D5}"
	ProjectSection(ProjectDependencies) = postProject
		{72B46833-B150-432D-B231-3E0ECD91E190} = {72B46833-B150-432D-B231-3E0ECD91E190}
		{9B1BD750-1FEF-4D6B-9422-782D16181CEE} = {9B1BD750-1FEF-4D6B-9422-782D16181CEE}
		{9B622A66-546A-4B33-B947-0A189D259D37} = {9B622A66-546A-4B33-B947-0A189D259D37}
		{78BD64CE-181D-4D3F-9254-5C4F55C1EDC9} = {78BD64CE-181D-4D3F-9254-5C4F55C1EDC9}
		{AF4A8AF2-CC9F-4991-BE6E-8AAF9CB5BFC9} = {AF4A8AF2-CC9F-4991-BE6E-8AAF9CB5BFC9}
	EndProjectSection
EndProject
Project("{8BC9CEB8-8B4A-11D0-8D11-00A0C91BC942}") = "operations", "src\operations\operations.vcproj", "{9B622A66-546A-4B33-B947-0A189D259D37}"
	ProjectSection(ProjectDependencies) = postProject
		{9B1BD750-1FEF-4D6B-9422-782D16181CEE} = {9B1BD750-1FEF-4D6B-9422-782D16181CEE}
	EndProjectSection
EndProject
Project("{8BC9CEB8-8B4A-11D0-8D11-00A0C91BC942}") = "implicitList", "src\implicitList\implicitList.vcproj", "{4C99D2F9-1AA2-460D-B9B8-7D44A5F9E7CD}"
	ProjectSection(ProjectDependencies) = postProject
		{9B1BD750-1FEF-4D6B-9422-782D16181CEE} = {9B1BD750-1FEF-4D6B-9422-782D16181CEE}
	EndProjectSection
EndProject
Project("{8BC9CEB8-8B4A-11D0-8D11-00A0C91BC942}") = "signalProcessing", "src\signalProcessing\signalProcessing.vcproj", "{F7E8DF1B-CC81-4B2A-B5F0-1A247BE59CC4}"
	ProjectSection(ProjectDependencies) = postProject
		{FD335544-52BF-4736-A34E-77F591D158D5} = {FD335544-52BF-4736-A34E-77F591D158D5}
		{9B1BD750-1FEF-4D6B-9422-782D16181CEE} = {9B1BD750-1FEF-4D6B-9422-782D16181CEE}
		{9B622A66-546A-4B33-B947-0A189D259D37} = {9B622A66-546A-4B33-B947-0A189D259D37}
		{78BD64CE-181D-4D3F-9254-5C4F55C1EDC9} = {78BD64CE-181D-4D3F-9254-5C4F55C1EDC9}
		{AF4A8AF2-CC9F-4991-BE6E-8AAF9CB5BFC9} = {AF4A8AF2-CC9F-4991-BE6E-8AAF9CB5BFC9}
	EndProjectSection
EndProject
Global
	GlobalSection(SolutionConfigurationPlatforms) = preSolution
		Debug|Win32 = Debug|Win32
		Debug|x64 = Debug|x64
		Release|Win32 = Release|Win32
		Release|x64 = Release|x64
	EndGlobalSection
	GlobalSection(ProjectConfigurationPlatforms) = postSolution
		{78BD64CE-181D-4D3F-9254-5C4F55C1EDC9}.Debug|Win32.ActiveCfg = Debug|Win32
		{78BD64CE-181D-4D3F-9254-5C4F55C1EDC9}.Debug|Win32.Build.0 = Debug|Win32
		{78BD64CE-181D-4D3F-9254-5C4F55C1EDC9}.Debug|x64.ActiveCfg = Debug|x64
		{78BD64CE-181D-4D3F-9254-5C4F55C1EDC9}.Debug|x64.Build.0 = Debug|x64
		{78BD64CE-181D-4D3F-9254-5C4F55C1EDC9}.Release|Win32.ActiveCfg = Release|Win32
		{78BD64CE-181D-4D3F-9254-5C4F55C1EDC9}.Release|Win32.Build.0 = Release|Win32
		{78BD64CE-181D-4D3F-9254-5C4F55C1EDC9}.Release|x64.ActiveCfg = Release|x64
		{78BD64CE-181D-4D3F-9254-5C4F55C1EDC9}.Release|x64.Build.0 = Release|x64
		{69296D00-0DE1-4F4B-B0CE-FE4F3CB43923}.Debug|Win32.ActiveCfg = Debug|Win32
		{69296D00-0DE1-4F4B-B0CE-FE4F3CB43923}.Debug|Win32.Build.0 = Debug|Win32
		{69296D00-0DE1-4F4B-B0CE-FE4F3CB43923}.Debug|x64.ActiveCfg = Debug|x64
		{69296D00-0DE1-4F4B-B0CE-FE4F3CB43923}.Debug|x64.Build.0 = Debug|x64
		{69296D00-0DE1-4F4B-B0CE-FE4F3CB43923}.Release|Win32.ActiveCfg = Release|Win32
		{69296D00-0DE1-4F4B-B0CE-FE4F3CB43923}.Release|Win32.Build.0 = Release|Win32
		{69296D00-0DE1-4F4B-B0CE-FE4F3CB43923}.Release|x64.ActiveCfg = Release|x64
		{69296D00-0DE1-4F4B-B0CE-FE4F3CB43923}.Release|x64.Build.0 = Release|x64
		{9B1BD750-1FEF-4D6B-9422-782D16181CEE}.Debug|Win32.ActiveCfg = Debug|Win32
		{9B1BD750-1FEF-4D6B-9422-782D16181CEE}.Debug|Win32.Build.0 = Debug|Win32
		{9B1BD750-1FEF-4D6B-9422-782D16181CEE}.Debug|x64.ActiveCfg = Debug|Win32
		{9B1BD750-1FEF-4D6B-9422-782D16181CEE}.Release|Win32.ActiveCfg = Release|Win32
		{9B1BD750-1FEF-4D6B-9422-782D16181CEE}.Release|Win32.Build.0 = Release|Win32
		{9B1BD750-1FEF-4D6B-9422-782D16181CEE}.Release|x64.ActiveCfg = Release|Win32
		{DBB1B4E8-E9D0-44E5-8AA6-4ECF1AAA1D0F}.Debug|Win32.ActiveCfg = Debug|Win32
		{DBB1B4E8-E9D0-44E5-8AA6-4ECF1AAA1D0F}.Debug|Win32.Build.0 = Debug|Win32
		{DBB1B4E8-E9D0-44E5-8AA6-4ECF1AAA1D0F}.Debug|x64.ActiveCfg = Debug|Win32
		{DBB1B4E8-E9D0-44E5-8AA6-4ECF1AAA1D0F}.Release|Win32.ActiveCfg = Release|Win32
		{DBB1B4E8-E9D0-44E5-8AA6-4ECF1AAA1D0F}.Release|Win32.Build.0 = Release|Win32
		{DBB1B4E8-E9D0-44E5-8AA6-4ECF1AAA1D0F}.Release|x64.ActiveCfg = Release|Win32
		{A6EBF2F9-C100-453F-A0D1-1649DCF557EC}.Debug|Win32.ActiveCfg = Debug|Win32
		{A6EBF2F9-C100-453F-A0D1-1649DCF557EC}.Debug|Win32.Build.0 = Debug|Win32
		{A6EBF2F9-C100-453F-A0D1-1649DCF557EC}.Debug|x64.ActiveCfg = Debug|Win32
		{A6EBF2F9-C100-453F-A0D1-1649DCF557EC}.Release|Win32.ActiveCfg = Release|Win32
		{A6EBF2F9-C100-453F-A0D1-1649DCF557EC}.Release|Win32.Build.0 = Release|Win32
		{A6EBF2F9-C100-453F-A0D1-1649DCF557EC}.Release|x64.ActiveCfg = Release|Win32
		{72B46833-B150-432D-B231-3E0ECD91E190}.Debug|Win32.ActiveCfg = Debug|Win32
		{72B46833-B150-432D-B231-3E0ECD91E190}.Debug|Win32.Build.0 = Debug|Win32
		{72B46833-B150-432D-B231-3E0ECD91E190}.Debug|x64.ActiveCfg = Debug|Win32
		{72B46833-B150-432D-B231-3E0ECD91E190}.Release|Win32.ActiveCfg = Release|Win32
		{72B46833-B150-432D-B231-3E0ECD91E190}.Release|Win32.Build.0 = Release|Win32
		{72B46833-B150-432D-B231-3E0ECD91E190}.Release|x64.ActiveCfg = Release|Win32
		{20AFE4D5-CE52-4CCE-ADAB-87442079BC0B}.Debug|Win32.ActiveCfg = Debug|Win32
		{20AFE4D5-CE52-4CCE-ADAB-87442079BC0B}.Debug|Win32.Build.0 = Debug|Win32
		{20AFE4D5-CE52-4CCE-ADAB-87442079BC0B}.Debug|x64.ActiveCfg = Debug|Win32
		{20AFE4D5-CE52-4CCE-ADAB-87442079BC0B}.Release|Win32.ActiveCfg = Release|Win32
		{20AFE4D5-CE52-4CCE-ADAB-87442079BC0B}.Release|Win32.Build.0 = Release|Win32
		{20AFE4D5-CE52-4CCE-ADAB-87442079BC0B}.Release|x64.ActiveCfg = Release|Win32
		{0556427D-6D88-4A12-9EB3-7F551D6F1FA4}.Debug|Win32.ActiveCfg = Debug|Win32
		{0556427D-6D88-4A12-9EB3-7F551D6F1FA4}.Debug|Win32.Build.0 = Debug|Win32
		{0556427D-6D88-4A12-9EB3-7F551D6F1FA4}.Debug|x64.ActiveCfg = Debug|Win32
		{0556427D-6D88-4A12-9EB3-7F551D6F1FA4}.Release|Win32.ActiveCfg = Release|Win32
		{0556427D-6D88-4A12-9EB3-7F551D6F1FA4}.Release|Win32.Build.0 = Release|Win32
		{0556427D-6D88-4A12-9EB3-7F551D6F1FA4}.Release|x64.ActiveCfg = Release|Win32
		{5805527C-6A77-40A9-8EF6-414B0269B50E}.Debug|Win32.ActiveCfg = Debug|Win32
		{5805527C-6A77-40A9-8EF6-414B0269B50E}.Debug|Win32.Build.0 = Debug|Win32
		{5805527C-6A77-40A9-8EF6-414B0269B50E}.Debug|x64.ActiveCfg = Debug|Win32
		{5805527C-6A77-40A9-8EF6-414B0269B50E}.Release|Win32.ActiveCfg = Release|Win32
		{5805527C-6A77-40A9-8EF6-414B0269B50E}.Release|Win32.Build.0 = Release|Win32
		{5805527C-6A77-40A9-8EF6-414B0269B50E}.Release|x64.ActiveCfg = Release|Win32
		{AF4A8AF2-CC9F-4991-BE6E-8AAF9CB5BFC9}.Debug|Win32.ActiveCfg = Debug|Win32
		{AF4A8AF2-CC9F-4991-BE6E-8AAF9CB5BFC9}.Debug|Win32.Build.0 = Debug|Win32
		{AF4A8AF2-CC9F-4991-BE6E-8AAF9CB5BFC9}.Debug|x64.ActiveCfg = Debug|Win32
		{AF4A8AF2-CC9F-4991-BE6E-8AAF9CB5BFC9}.Release|Win32.ActiveCfg = Release|Win32
		{AF4A8AF2-CC9F-4991-BE6E-8AAF9CB5BFC9}.Release|Win32.Build.0 = Release|Win32
		{AF4A8AF2-CC9F-4991-BE6E-8AAF9CB5BFC9}.Release|x64.ActiveCfg = Release|Win32
		{FD335544-52BF-4736-A34E-77F591D158D5}.Debug|Win32.ActiveCfg = Debug|Win32
		{FD335544-52BF-4736-A34E-77F591D158D5}.Debug|Win32.Build.0 = Debug|Win32
		{FD335544-52BF-4736-A34E-77F591D158D5}.Debug|x64.ActiveCfg = Debug|Win32
		{FD335544-52BF-4736-A34E-77F591D158D5}.Release|Win32.ActiveCfg = Release|Win32
		{FD335544-52BF-4736-A34E-77F591D158D5}.Release|Win32.Build.0 = Release|Win32
		{FD335544-52BF-4736-A34E-77F591D158D5}.Release|x64.ActiveCfg = Release|Win32
		{9B622A66-546A-4B33-B947-0A189D259D37}.Debug|Win32.ActiveCfg = Debug|Win32
		{9B622A66-546A-4B33-B947-0A189D259D37}.Debug|Win32.Build.0 = Debug|Win32
		{9B622A66-546A-4B33-B947-0A189D259D37}.Debug|x64.ActiveCfg = Debug|Win32
		{9B622A66-546A-4B33-B947-0A189D259D37}.Release|Win32.ActiveCfg = Release|Win32
		{9B622A66-546A-4B33-B947-0A189D259D37}.Release|Win32.Build.0 = Release|Win32
		{9B622A66-546A-4B33-B947-0A189D259D37}.Release|x64.ActiveCfg = Release|Win32
		{4C99D2F9-1AA2-460D-B9B8-7D44A5F9E7CD}.Debug|Win32.ActiveCfg = Debug|Win32
		{4C99D2F9-1AA2-460D-B9B8-7D44A5F9E7CD}.Debug|Win32.Build.0 = Debug|Win32
		{4C99D2F9-1AA2-460D-B9B8-7D44A5F9E7CD}.Debug|x64.ActiveCfg = Debug|Win32
		{4C99D2F9-1AA2-460D-B9B8-7D44A5F9E7CD}.Release|Win32.ActiveCfg = Release|Win32
		{4C99D2F9-1AA2-460D-B9B8-7D44A5F9E7CD}.Release|Win32.Build.0 = Release|Win32
		{4C99D2F9-1AA2-460D-B9B8-7D44A5F9E7CD}.Release|x64.ActiveCfg = Release|Win32
		{F7E8DF1B-CC81-4B2A-B5F0-1A247BE59CC4}.Debug|Win32.ActiveCfg = Debug|Win32
		{F7E8DF1B-CC81-4B2A-B5F0-1A247BE59CC4}.Debug|Win32.Build.0 = Debug|Win32
		{F7E8DF1B-CC81-4B2A-B5F0-1A247BE59CC4}.Debug|x64.ActiveCfg = Debug|Win32
		{F7E8DF1B-CC81-4B2A-B5F0-1A247BE59CC4}.Release|Win32.ActiveCfg = Release|Win32
		{F7E8DF1B-CC81-4B2A-B5F0-1A247BE59CC4}.Release|Win32.Build.0 = Release|Win32
		{F7E8DF1B-CC81-4B2A-B5F0-1A247BE59CC4}.Release|x64.ActiveCfg = Release|Win32
	EndGlobalSection
	GlobalSection(SolutionProperties) = preSolution
		HideSolutionNode = FALSE
	EndGlobalSection
	GlobalSection(NestedProjects) = preSolution
		{A6EBF2F9-C100-453F-A0D1-1649DCF557EC} = {4BB7C9F2-969F-4C5C-97F1-89350DCC09B6}
		{20AFE4D5-CE52-4CCE-ADAB-87442079BC0B} = {4BB7C9F2-969F-4C5C-97F1-89350DCC09B6}
		{0556427D-6D88-4A12-9EB3-7F551D6F1FA4} = {4BB7C9F2-969F-4C5C-97F1-89350DCC09B6}
		{DBB1B4E8-E9D0-44E5-8AA6-4ECF1AAA1D0F} = {4BB7C9F2-969F-4C5C-97F1-89350DCC09B6}
		{5805527C-6A77-40A9-8EF6-414B0269B50E} = {4BB7C9F2-969F-4C5C-97F1-89350DCC09B6}
	EndGlobalSection
EndGlobal
